
Microsoft Visual Studio Solution File, Format Version 12.00
# Visual Studio 15
VisualStudioVersion = 15.0.27130.2010
MinimumVisualStudioVersion = 10.0.40219.1
Project("{FAE04EC0-301F-11D3-BF4B-00C04F79EFBC}") = "Accounts.UI", "Accounts.UI\Accounts.UI.csproj", "{A5859E0E-3C08-4045-B8DC-B3FB13655B00}"
EndProject
Project("{FAE04EC0-301F-11D3-BF4B-00C04F79EFBC}") = "Accounts.Data", "Accounts.Data\Accounts.Data.csproj", "{F6459E3F-1B29-480F-8525-39B29E6A5CF6}"
EndProject
Project("{FAE04EC0-301F-11D3-BF4B-00C04F79EFBC}") = "Accounts.Services", "Accounts.Services\Accounts.Services.csproj", "{CBAC68ED-6E73-443A-9086-12875E598109}"
EndProject
Project("{FAE04EC0-301F-11D3-BF4B-00C04F79EFBC}") = "Accounts.Entities", "Accounts.Entities\Accounts.Entities.csproj", "{4EA93851-FF51-482C-B445-95354E82EFD1}"
EndProject
Global
	GlobalSection(SolutionConfigurationPlatforms) = preSolution
		Debug|Any CPU = Debug|Any CPU
		Release|Any CPU = Release|Any CPU
	EndGlobalSection
	GlobalSection(ProjectConfigurationPlatforms) = postSolution
		{A5859E0E-3C08-4045-B8DC-B3FB13655B00}.Debug|Any CPU.ActiveCfg = Debug|Any CPU
		{A5859E0E-3C08-4045-B8DC-B3FB13655B00}.Debug|Any CPU.Build.0 = Debug|Any CPU
		{A5859E0E-3C08-4045-B8DC-B3FB13655B00}.Release|Any CPU.ActiveCfg = Release|Any CPU
		{A5859E0E-3C08-4045-B8DC-B3FB13655B00}.Release|Any CPU.Build.0 = Release|Any CPU
		{F6459E3F-1B29-480F-8525-39B29E6A5CF6}.Debug|Any CPU.ActiveCfg = Debug|Any CPU
		{F6459E3F-1B29-480F-8525-39B29E6A5CF6}.Debug|Any CPU.Build.0 = Debug|Any CPU
		{F6459E3F-1B29-480F-8525-39B29E6A5CF6}.Release|Any CPU.ActiveCfg = Release|Any CPU
		{F6459E3F-1B29-480F-8525-39B29E6A5CF6}.Release|Any CPU.Build.0 = Release|Any CPU
		{CBAC68ED-6E73-443A-9086-12875E598109}.Debug|Any CPU.ActiveCfg = Debug|Any CPU
		{CBAC68ED-6E73-443A-9086-12875E598109}.Debug|Any CPU.Build.0 = Debug|Any CPU
		{CBAC68ED-6E73-443A-9086-12875E598109}.Release|Any CPU.ActiveCfg = Release|Any CPU
		{CBAC68ED-6E73-443A-9086-12875E598109}.Release|Any CPU.Build.0 = Release|Any CPU
		{4EA93851-FF51-482C-B445-95354E82EFD1}.Debug|Any CPU.ActiveCfg = Debug|Any CPU
		{4EA93851-FF51-482C-B445-95354E82EFD1}.Debug|Any CPU.Build.0 = Debug|Any CPU
		{4EA93851-FF51-482C-B445-95354E82EFD1}.Release|Any CPU.ActiveCfg = Release|Any CPU
		{4EA93851-FF51-482C-B445-95354E82EFD1}.Release|Any CPU.Build.0 = Release|Any CPU
	EndGlobalSection
	GlobalSection(SolutionProperties) = preSolution
		HideSolutionNode = FALSE
	EndGlobalSection
	GlobalSection(ExtensibilityGlobals) = postSolution
		SolutionGuid = {A9AEA7AA-48A3-4CD4-933C-87594B7A2B4E}
	EndGlobalSection
EndGlobal
